
Microsoft Visual Studio Solution File, Format Version 12.00
# Visual Studio Version 16
VisualStudioVersion = 16.0.32002.261
MinimumVisualStudioVersion = 10.0.40219.1
Project("{FAE04EC0-301F-11D3-BF4B-00C04F79EFBC}") = "DynamicArray", "DynamicArray\DynamicArray.csproj", "{0005FC2B-5F7B-42D5-804D-8BE293357308}"
EndProject
Global
	GlobalSection(SolutionConfigurationPlatforms) = preSolution
		Debug|Any CPU = Debug|Any CPU
		Release|Any CPU = Release|Any CPU
	EndGlobalSection
	GlobalSection(ProjectConfigurationPlatforms) = postSolution
		{0005FC2B-5F7B-42D5-804D-8BE293357308}.Debug|Any CPU.ActiveCfg = Debug|Any CPU
		{0005FC2B-5F7B-42D5-804D-8BE293357308}.Debug|Any CPU.Build.0 = Debug|Any CPU
		{0005FC2B-5F7B-42D5-804D-8BE293357308}.Release|Any CPU.ActiveCfg = Release|Any CPU
		{0005FC2B-5F7B-42D5-804D-8BE293357308}.Release|Any CPU.Build.0 = Release|Any CPU
	EndGlobalSection
	GlobalSection(SolutionProperties) = preSolution
		HideSolutionNode = FALSE
	EndGlobalSection
	GlobalSection(ExtensibilityGlobals) = postSolution
		SolutionGuid = {F4DD2495-7E2F-4B1F-86B6-4C1123970518}
	EndGlobalSection
EndGlobal
